// !$*UTF8*$!
{
	archiveVersion = 1;
	classes = {
	};
	objectVersion = 46;
	objects = {

/* Begin PBXFileReference section */
		110DE5131A8DF1FD00F8A2B2 /* statusDashboardTool_2.0 */ = {isa = PBXFileReference; lastKnownFileType = folder; path = statusDashboardTool_2.0; sourceTree = "<group>"; };
		110DE5141A8DF20300F8A2B2 /* platformMonitoringDashboard */ = {isa = PBXFileReference; lastKnownFileType = folder; path = platformMonitoringDashboard; sourceTree = "<group>"; };
/* End PBXFileReference section */

/* Begin PBXGroup section */
		110DE50C1A8DF1E100F8A2B2 = {
			isa = PBXGroup;
			children = (
				110DE5141A8DF20300F8A2B2 /* platformMonitoringDashboard */,
				110DE5131A8DF1FD00F8A2B2 /* statusDashboardTool_2.0 */,
			);
			sourceTree = "<group>";
		};
/* End PBXGroup section */

/* Begin PBXProject section */
		110DE50D1A8DF1E100F8A2B2 /* Project object */ = {
			isa = PBXProject;
			attributes = {
				LastUpgradeCheck = 0610;
			};
			buildConfigurationList = 110DE5101A8DF1E100F8A2B2 /* Build configuration list for PBXProject "statusDashboardTool" */;
			compatibilityVersion = "Xcode 3.2";
			developmentRegion = English;
			hasScannedForEncodings = 0;
			knownRegions = (
				en,
			);
			mainGroup = 110DE50C1A8DF1E100F8A2B2;
			projectDirPath = "";
			projectRoot = "";
			targets = (
			);
		};
/* End PBXProject section */

/* Begin XCBuildConfiguration section */
		110DE5111A8DF1E100F8A2B2 /* Debug */ = {
			isa = XCBuildConfiguration;
			buildSettings = {
			};
			name = Debug;
		};
		110DE5121A8DF1E100F8A2B2 /* Release */ = {
			isa = XCBuildConfiguration;
			buildSettings = {
			};
			name = Release;
		};
/* End XCBuildConfiguration section */

/* Begin XCConfigurationList section */
		110DE5101A8DF1E100F8A2B2 /* Build configuration list for PBXProject "statusDashboardTool" */ = {
			isa = XCConfigurationList;
			buildConfigurations = (
				110DE5111A8DF1E100F8A2B2 /* Debug */,
				110DE5121A8DF1E100F8A2B2 /* Release */,
			);
			defaultConfigurationIsVisible = 0;
			defaultConfigurationName = Release;
		};
/* End XCConfigurationList section */
	};
	rootObject = 110DE50D1A8DF1E100F8A2B2 /* Project object */;
}
